<?xml version="1.0" encoding="UTF-8" standalone="yes" ?>
<CodeBlocks_project_file>
	<FileVersion major="1" minor="6" />
	<Project>
		<Option title="pm" />
		<Option pch_mode="2" />
		<Option compiler="gcc" />
		<Build>
			<Target title="windows_static">
				<Option output="pm" prefix_auto="1" extension_auto="1" />
				<Option object_output="o" />
				<Option type="1" />
				<Option compiler="gcc" />
				<Option use_console_runner="0" />
				<Compiler>
					<Add option="-Wall" />
					<Add option="-DALLEGRO_STATICLINK" />
					<Add directory="C:/Program Files/CodeBlocks/MinGW/include" />
				</Compiler>
				<Linker>
					<Add option="-static-libstdc++" />
					<Add option="-static-libgcc" />
					<Add option="-static" />
					<Add option="-lallegro_monolith-static" />
					<Add option="-ldumb" />
					<Add option="-lfreetype" />
					<Add option="-lpng16" />
					<Add option="-lzlib" />
					<Add option="-ldsound" />
					<Add option="-lgdiplus" />
					<Add option="-luuid" />
					<Add option="-lkernel32" />
					<Add option="-lwinmm" />
					<Add option="-lpsapi" />
					<Add option="-lopengl32" />
					<Add option="-lglu32" />
					<Add option="-luser32" />
					<Add option="-lcomdlg32" />
					<Add option="-lgdi32" />
					<Add option="-lshell32" />
					<Add option="-lole32" />
					<Add option="-ladvapi32" />
					<Add option="-lws2_32" />
					<Add option="-lshlwapi" />
					<Add option="-ljpeg" />
					<Add option="-lwebp" />
					<Add option="-lwebpdecoder" />
					<Add option="-lFLAC" />
					<Add option="-ltheoradec" />
					<Add option="-lvorbisfile" />
					<Add option="-lvorbis" />
					<Add option="-lopusfile" />
					<Add option="-lopus" />
					<Add option="-logg" />
					<Add option="-lnet" />
					<Add option="-lwsock32" />
				</Linker>
			</Target>
			<Target title="linux">
				<Option output="pm" prefix_auto="1" extension_auto="1" />
				<Option object_output="o" />
				<Option type="1" />
				<Option compiler="gcc" />
				<Option use_console_runner="0" />
				<Option projectCompilerOptionsRelation="1" />
				<Option projectLinkerOptionsRelation="1" />
				<Option projectIncludeDirsRelation="1" />
				<Compiler>
					<Add option="-Wall" />
				</Compiler>
				<Linker>
					<Add option="-lallegro_monolith" />
					<Add option="-lz" />
					<Add option="-lnet" />
					<Add option="-lpthread" />
					<Add option="-Wl,-rpath=&apos;./linux_libs&apos;" />
				</Linker>
			</Target>
		</Build>
		<Compiler>
			<Add option="-Wall" />
		</Compiler>
		<Unit filename="icon.rc">
			<Option compilerVar="WINDRES" />
			<Option target="windows_static" />
		</Unit>
		<Unit filename="pm_docs/new5_todo.txt" />
		<Unit filename="pm_docs/new8.txt" />
		<Unit filename="src/libnet.h" />
		<Unit filename="src/main.cpp" />
		<Unit filename="src/mwBitmap.cpp" />
		<Unit filename="src/mwBitmap.h" />
		<Unit filename="src/mwBitmapTools.cpp" />
		<Unit filename="src/mwBitmapTools.h" />
		<Unit filename="src/mwBottomMessage.cpp" />
		<Unit filename="src/mwBottomMessage.h" />
		<Unit filename="src/mwCodeStats.cpp" />
		<Unit filename="src/mwCodeStats.h" />
		<Unit filename="src/mwColor.cpp" />
		<Unit filename="src/mwColor.h" />
		<Unit filename="src/mwConfig.cpp" />
		<Unit filename="src/mwConfig.h" />
		<Unit filename="src/mwDemoMode.cpp" />
		<Unit filename="src/mwDemoMode.h" />
		<Unit filename="src/mwDemoRecord.cpp" />
		<Unit filename="src/mwDemoRecord.h" />
		<Unit filename="src/mwDisplay.cpp" />
		<Unit filename="src/mwDisplay.h" />
		<Unit filename="src/mwDrawSequence.cpp" />
		<Unit filename="src/mwDrawSequence.h" />
		<Unit filename="src/mwEnemy.cpp" />
		<Unit filename="src/mwEnemy.h" />
		<Unit filename="src/mwEnemyArchwagon.cpp" />
		<Unit filename="src/mwEnemyCannon.cpp" />
		<Unit filename="src/mwEnemyCloner.cpp" />
		<Unit filename="src/mwEnemyEditorFnx.cpp" />
		<Unit filename="src/mwEnemyFlapper.cpp" />
		<Unit filename="src/mwEnemyFnx.cpp" />
		<Unit filename="src/mwEnemyJumpworm.cpp" />
		<Unit filename="src/mwEnemyTrakbot.cpp" />
		<Unit filename="src/mwEnemyVinePod.cpp" />
		<Unit filename="src/mwEventQueue.cpp" />
		<Unit filename="src/mwEventQueue.h" />
		<Unit filename="src/mwFileIterator.cpp" />
		<Unit filename="src/mwFileIterator.h" />
		<Unit filename="src/mwFont.cpp" />
		<Unit filename="src/mwFont.h" />
		<Unit filename="src/mwGameEvent.cpp" />
		<Unit filename="src/mwGameEvent.h" />
		<Unit filename="src/mwGameMoves.cpp" />
		<Unit filename="src/mwGameMoves.h" />
		<Unit filename="src/mwGlobalLevelTool.cpp" />
		<Unit filename="src/mwGlobalLevelTool.h" />
		<Unit filename="src/mwGraph.cpp" />
		<Unit filename="src/mwGraph.h" />
		<Unit filename="src/mwHelp.cpp" />
		<Unit filename="src/mwHelp.h" />
		<Unit filename="src/mwInput.cpp" />
		<Unit filename="src/mwInput.h" />
		<Unit filename="src/mwItem.cpp" />
		<Unit filename="src/mwItem.h" />
		<Unit filename="src/mwItemBombRocket.cpp" />
		<Unit filename="src/mwItemDoor.cpp" />
		<Unit filename="src/mwItemEditorFnx.cpp" />
		<Unit filename="src/mwItemKeySwitch.cpp" />
		<Unit filename="src/mwItemMessage.cpp" />
		<Unit filename="src/mwItemStartExitGate.cpp" />
		<Unit filename="src/mwItemTrigger.cpp" />
		<Unit filename="src/mwLevel.cpp" />
		<Unit filename="src/mwLevel.h" />
		<Unit filename="src/mwLevelData.cpp" />
		<Unit filename="src/mwLevelDataStats.cpp" />
		<Unit filename="src/mwLift.cpp" />
		<Unit filename="src/mwLift.h" />
		<Unit filename="src/mwLog.cpp" />
		<Unit filename="src/mwLog.h" />
		<Unit filename="src/mwLogGraph.cpp" />
		<Unit filename="src/mwLogViewer.cpp" />
		<Unit filename="src/mwLogo.cpp" />
		<Unit filename="src/mwLogo.h" />
		<Unit filename="src/mwLoop.cpp" />
		<Unit filename="src/mwLoop.h" />
		<Unit filename="src/mwLoopLevelDone.cpp" />
		<Unit filename="src/mwLoopRemoteControl.cpp" />
		<Unit filename="src/mwMain.cpp" />
		<Unit filename="src/mwMain.h" />
		<Unit filename="src/mwMainArgs.cpp" />
		<Unit filename="src/mwMenu.cpp" />
		<Unit filename="src/mwMenu.h" />
		<Unit filename="src/mwMiscFnx.cpp" />
		<Unit filename="src/mwMiscFnx.h" />
		<Unit filename="src/mwMulticolorLine.cpp" />
		<Unit filename="src/mwMulticolorLine.h" />
		<Unit filename="src/mwNetgame.cpp" />
		<Unit filename="src/mwNetgame.h" />
		<Unit filename="src/mwNetgameClient.cpp" />
		<Unit filename="src/mwNetgameServer.cpp" />
		<Unit filename="src/mwPDE.cpp" />
		<Unit filename="src/mwPDE.h" />
		<Unit filename="src/mwPacketBuffer.cpp" />
		<Unit filename="src/mwPacketBuffer.h" />
		<Unit filename="src/mwPlayer.cpp" />
		<Unit filename="src/mwPlayer.h" />
		<Unit filename="src/mwQuickGraph.cpp" />
		<Unit filename="src/mwQuickGraph.h" />
		<Unit filename="src/mwQuickGraph2.cpp" />
		<Unit filename="src/mwQuickGraph2.h" />
		<Unit filename="src/mwRollingAverage.cpp" />
		<Unit filename="src/mwRollingAverage.h" />
		<Unit filename="src/mwScreen.cpp" />
		<Unit filename="src/mwScreen.h" />
		<Unit filename="src/mwScreenOverlay.cpp" />
		<Unit filename="src/mwSettings.cpp" />
		<Unit filename="src/mwSettings.h" />
		<Unit filename="src/mwShot.cpp" />
		<Unit filename="src/mwShot.h" />
		<Unit filename="src/mwSolid.cpp" />
		<Unit filename="src/mwSolid.h" />
		<Unit filename="src/mwSound.cpp" />
		<Unit filename="src/mwSound.h" />
		<Unit filename="src/mwStateHistory.cpp" />
		<Unit filename="src/mwStateHistory.h" />
		<Unit filename="src/mwTally.cpp" />
		<Unit filename="src/mwTally.h" />
		<Unit filename="src/mwTriggerEvent.cpp" />
		<Unit filename="src/mwTriggerEvent.h" />
		<Unit filename="src/mwVisualLevel.cpp" />
		<Unit filename="src/mwVisualLevel.h" />
		<Unit filename="src/mwWidget.cpp" />
		<Unit filename="src/mwWidget.h" />
		<Unit filename="src/mwWindow.cpp" />
		<Unit filename="src/mwWindow.h" />
		<Unit filename="src/mwWindowEditSelection.cpp" />
		<Unit filename="src/mwWindowEditorMain.cpp" />
		<Unit filename="src/mwWindowGroupEdit.cpp" />
		<Unit filename="src/mwWindowManager.cpp" />
		<Unit filename="src/mwWindowManager.h" />
		<Unit filename="src/mwWindowObjectViewer.cpp" />
		<Unit filename="src/mwWindowTileHelper.cpp" />
		<Unit filename="src/pm.h" />
		<Extensions />
	</Project>
</CodeBlocks_project_file>
