<?xml version="1.0" encoding="UTF-8" standalone="yes" ?>
<CodeBlocks_project_file>
	<FileVersion major="1" minor="6" />
	<Project>
		<Option title="pm" />
		<Option pch_mode="2" />
		<Option compiler="gcc" />
		<Build>
			<Target title="win_dynamic">
				<Option output="pm" prefix_auto="1" extension_auto="1" />
				<Option object_output="o" />
				<Option type="1" />
				<Option compiler="gcc" />
				<Option use_console_runner="0" />
				<Compiler>
					<Add option="-Wall" />
					<Add option="-pg" />
					<Add option="-g" />
					<Add directory="C:/Program Files/CodeBlocks/MinGW/include" />
				</Compiler>
				<Linker>
					<Add option="-pg -lgmon" />
					<Add option="-pg" />
					<Add option="-lallegro_monolith.dll" />
					<Add option="-lnet" />
					<Add option="-lzlib" />
					<Add option="-lwsock32" />
				</Linker>
			</Target>
			<Target title="win_static">
				<Option output="pm" prefix_auto="1" extension_auto="1" />
				<Option object_output="o" />
				<Option type="1" />
				<Option compiler="gcc" />
				<Option use_console_runner="0" />
				<Option parameters="-e" />
				<Compiler>
					<Add option="-Wall" />
					<Add option="-pg" />
					<Add option="-Og" />
					<Add option="-g" />
					<Add option="-DALLEGRO_STATICLINK" />
					<Add directory="C:/Program Files/CodeBlocks/MinGW/include" />
				</Compiler>
				<Linker>
					<Add option="-pg -lgmon" />
					<Add option="-static-libstdc++" />
					<Add option="-static-libgcc" />
					<Add option="-static" />
					<Add option="-lallegro_monolith-static" />
					<Add option="-ldumb" />
					<Add option="-lfreetype" />
					<Add option="-lpng16" />
					<Add option="-lzlib" />
					<Add option="-ldsound" />
					<Add option="-lgdiplus" />
					<Add option="-luuid" />
					<Add option="-lkernel32" />
					<Add option="-lwinmm" />
					<Add option="-lpsapi" />
					<Add option="-lopengl32" />
					<Add option="-lglu32" />
					<Add option="-luser32" />
					<Add option="-lcomdlg32" />
					<Add option="-lgdi32" />
					<Add option="-lshell32" />
					<Add option="-lole32" />
					<Add option="-ladvapi32" />
					<Add option="-lws2_32" />
					<Add option="-lshlwapi" />
					<Add option="-ljpeg" />
					<Add option="-lwebp" />
					<Add option="-lwebpdecoder" />
					<Add option="-lFLAC" />
					<Add option="-ltheoradec" />
					<Add option="-lvorbisfile" />
					<Add option="-lvorbis" />
					<Add option="-lopusfile" />
					<Add option="-lopus" />
					<Add option="-logg" />
					<Add option="-lnet" />
					<Add option="-lwsock32" />
				</Linker>
			</Target>
			<Target title="win_static_release">
				<Option output="pm" prefix_auto="1" extension_auto="1" />
				<Option object_output="o" />
				<Option type="1" />
				<Option compiler="gcc" />
				<Option use_console_runner="0" />
				<Compiler>
					<Add option="-Wall" />
					<Add option="-DALLEGRO_STATICLINK" />
					<Add directory="C:/Program Files/CodeBlocks/MinGW/include" />
				</Compiler>
				<Linker>
					<Add option="-static-libstdc++" />
					<Add option="-static-libgcc" />
					<Add option="-static" />
					<Add option="-lallegro_monolith-static" />
					<Add option="-ldumb" />
					<Add option="-lfreetype" />
					<Add option="-lpng16" />
					<Add option="-lzlib" />
					<Add option="-ldsound" />
					<Add option="-lgdiplus" />
					<Add option="-luuid" />
					<Add option="-lkernel32" />
					<Add option="-lwinmm" />
					<Add option="-lpsapi" />
					<Add option="-lopengl32" />
					<Add option="-lglu32" />
					<Add option="-luser32" />
					<Add option="-lcomdlg32" />
					<Add option="-lgdi32" />
					<Add option="-lshell32" />
					<Add option="-lole32" />
					<Add option="-ladvapi32" />
					<Add option="-lws2_32" />
					<Add option="-lshlwapi" />
					<Add option="-ljpeg" />
					<Add option="-lwebp" />
					<Add option="-lwebpdecoder" />
					<Add option="-lFLAC" />
					<Add option="-ltheoradec" />
					<Add option="-lvorbisfile" />
					<Add option="-lvorbis" />
					<Add option="-lopusfile" />
					<Add option="-lopus" />
					<Add option="-logg" />
					<Add option="-lnet" />
					<Add option="-lwsock32" />
				</Linker>
			</Target>
			<Target title="ldm">
				<Option output="pm" prefix_auto="1" extension_auto="1" />
				<Option object_output="o" />
				<Option type="1" />
				<Option compiler="gcc" />
				<Option use_console_runner="0" />
				<Option projectCompilerOptionsRelation="1" />
				<Option projectLinkerOptionsRelation="1" />
				<Option projectIncludeDirsRelation="1" />
				<Compiler>
					<Add option="-Wall" />
				</Compiler>
				<Linker>
					<Add option="-lallegro_monolith" />
					<Add option="-lz" />
					<Add option="-lnet" />
					<Add option="-lpthread" />
					<Add option="-Wl,-rpath=&apos;./linux_libs&apos;" />
				</Linker>
			</Target>
			<Target title="ldm_release">
				<Option output="pm" prefix_auto="1" extension_auto="1" />
				<Option object_output="o" />
				<Option type="1" />
				<Option compiler="gcc" />
				<Option use_console_runner="0" />
				<Option projectCompilerOptionsRelation="1" />
				<Option projectLinkerOptionsRelation="1" />
				<Option projectIncludeDirsRelation="1" />
				<Compiler>
					<Add option="-Wall" />
				</Compiler>
				<Linker>
					<Add option="-lallegro_monolith" />
					<Add option="-lz" />
					<Add option="-lnet" />
					<Add option="-lpthread" />
				</Linker>
			</Target>
		</Build>
		<Unit filename="icon.rc">
			<Option compilerVar="WINDRES" />
			<Option target="win_dynamic" />
			<Option target="win_static" />
			<Option target="win_static_release" />
		</Unit>
		<Unit filename="pm_docs/new5.txt" />
		<Unit filename="pm_docs/new5_todo.txt" />
		<Unit filename="src/e_bitmap.cpp" />
		<Unit filename="src/e_editor_main.cpp" />
		<Unit filename="src/e_editor_zfs.cpp" />
		<Unit filename="src/e_enemy.cpp" />
		<Unit filename="src/e_fnx.cpp" />
		<Unit filename="src/e_glt.cpp" />
		<Unit filename="src/e_item.cpp" />
		<Unit filename="src/e_lift.cpp" />
		<Unit filename="src/e_object_viewer.cpp" />
		<Unit filename="src/e_pde.cpp" />
		<Unit filename="src/e_sliders.cpp" />
		<Unit filename="src/e_visual_level.cpp" />
		<Unit filename="src/n_client.cpp" />
		<Unit filename="src/n_network.cpp" />
		<Unit filename="src/n_packet.cpp" />
		<Unit filename="src/n_server.cpp" />
		<Unit filename="src/pm.h" />
		<Unit filename="src/z_bullets.cpp" />
		<Unit filename="src/z_config.cpp" />
		<Unit filename="src/z_control.cpp" />
		<Unit filename="src/z_display.cpp" />
		<Unit filename="src/z_enemy.cpp" />
		<Unit filename="src/z_file.cpp" />
		<Unit filename="src/z_fnx.cpp" />
		<Unit filename="src/z_item.cpp" />
		<Unit filename="src/z_lift.cpp" />
		<Unit filename="src/z_log.cpp" />
		<Unit filename="src/z_logo.cpp" />
		<Unit filename="src/z_loop.cpp" />
		<Unit filename="src/z_main.cpp" />
		<Unit filename="src/z_map.cpp" />
		<Unit filename="src/z_menu.cpp" />
		<Unit filename="src/z_player.cpp" />
		<Unit filename="src/z_screen.cpp" />
		<Unit filename="src/z_screen_overlay.cpp" />
		<Unit filename="src/z_sound.cpp" />
		<Extensions />
	</Project>
</CodeBlocks_project_file>
